
Microsoft Visual Studio Solution File, Format Version 12.00
# Visual Studio 15
VisualStudioVersion = 15.0.26730.8
MinimumVisualStudioVersion = 10.0.40219.1
Project("{FAE04EC0-301F-11D3-BF4B-00C04F79EFBC}") = "SimLoadX", "SimLoadX\SimLoadX.csproj", "{9534B61A-4173-452B-A10C-042649D9C126}"
EndProject
Project("{FAE04EC0-301F-11D3-BF4B-00C04F79EFBC}") = "TestApp", "TestApp\TestApp.csproj", "{BB577925-4D08-4A11-99C6-0DDB984D9106}"
EndProject
Project("{FAE04EC0-301F-11D3-BF4B-00C04F79EFBC}") = "WpfDirect2d", "WpfDirect2d\WpfDirect2d.csproj", "{24F3BFBA-5305-4773-816A-0ACB2B968992}"
EndProject
Global
	GlobalSection(SolutionConfigurationPlatforms) = preSolution
		Debug|Any CPU = Debug|Any CPU
		Debug|x64 = Debug|x64
		Release|Any CPU = Release|Any CPU
		Release|x64 = Release|x64
	EndGlobalSection
	GlobalSection(ProjectConfigurationPlatforms) = postSolution
		{9534B61A-4173-452B-A10C-042649D9C126}.Debug|Any CPU.ActiveCfg = Debug|Any CPU
		{9534B61A-4173-452B-A10C-042649D9C126}.Debug|Any CPU.Build.0 = Debug|Any CPU
		{9534B61A-4173-452B-A10C-042649D9C126}.Debug|x64.ActiveCfg = Debug|Any CPU
		{9534B61A-4173-452B-A10C-042649D9C126}.Debug|x64.Build.0 = Debug|Any CPU
		{9534B61A-4173-452B-A10C-042649D9C126}.Release|Any CPU.ActiveCfg = Release|Any CPU
		{9534B61A-4173-452B-A10C-042649D9C126}.Release|Any CPU.Build.0 = Release|Any CPU
		{9534B61A-4173-452B-A10C-042649D9C126}.Release|x64.ActiveCfg = Release|Any CPU
		{9534B61A-4173-452B-A10C-042649D9C126}.Release|x64.Build.0 = Release|Any CPU
		{BB577925-4D08-4A11-99C6-0DDB984D9106}.Debug|Any CPU.ActiveCfg = Debug|Any CPU
		{BB577925-4D08-4A11-99C6-0DDB984D9106}.Debug|Any CPU.Build.0 = Debug|Any CPU
		{BB577925-4D08-4A11-99C6-0DDB984D9106}.Debug|x64.ActiveCfg = Debug|Any CPU
		{BB577925-4D08-4A11-99C6-0DDB984D9106}.Debug|x64.Build.0 = Debug|Any CPU
		{BB577925-4D08-4A11-99C6-0DDB984D9106}.Release|Any CPU.ActiveCfg = Release|Any CPU
		{BB577925-4D08-4A11-99C6-0DDB984D9106}.Release|Any CPU.Build.0 = Release|Any CPU
		{BB577925-4D08-4A11-99C6-0DDB984D9106}.Release|x64.ActiveCfg = Release|Any CPU
		{BB577925-4D08-4A11-99C6-0DDB984D9106}.Release|x64.Build.0 = Release|Any CPU
		{24F3BFBA-5305-4773-816A-0ACB2B968992}.Debug|Any CPU.ActiveCfg = Debug|Any CPU
		{24F3BFBA-5305-4773-816A-0ACB2B968992}.Debug|Any CPU.Build.0 = Debug|Any CPU
		{24F3BFBA-5305-4773-816A-0ACB2B968992}.Debug|x64.ActiveCfg = Debug|x64
		{24F3BFBA-5305-4773-816A-0ACB2B968992}.Debug|x64.Build.0 = Debug|x64
		{24F3BFBA-5305-4773-816A-0ACB2B968992}.Release|Any CPU.ActiveCfg = Release|Any CPU
		{24F3BFBA-5305-4773-816A-0ACB2B968992}.Release|Any CPU.Build.0 = Release|Any CPU
		{24F3BFBA-5305-4773-816A-0ACB2B968992}.Release|x64.ActiveCfg = Release|x64
		{24F3BFBA-5305-4773-816A-0ACB2B968992}.Release|x64.Build.0 = Release|x64
	EndGlobalSection
	GlobalSection(SolutionProperties) = preSolution
		HideSolutionNode = FALSE
	EndGlobalSection
	GlobalSection(ExtensibilityGlobals) = postSolution
		SolutionGuid = {B1A6F3C8-94B0-4FBF-8D83-A7F03A3E5821}
	EndGlobalSection
EndGlobal
